
Microsoft Visual Studio Solution File, Format Version 12.00
# Visual Studio Version 16
VisualStudioVersion = 16.0.29519.87
MinimumVisualStudioVersion = 10.0.40219.1
Project("{FAE04EC0-301F-11D3-BF4B-00C04F79EFBC}") = "CallScheduler", "CallScheduler\CallScheduler.csproj", "{9DD91599-D9AD-4581-998C-3922A262C3F9}"
EndProject
Project("{FAE04EC0-301F-11D3-BF4B-00C04F79EFBC}") = "CallSchedulerCore", "CallSchedulerCore\CallSchedulerCore.csproj", "{1200A872-01E4-48F3-A1ED-7C5365F9DF58}"
EndProject
Global
	GlobalSection(SolutionConfigurationPlatforms) = preSolution
		Debug|Any CPU = Debug|Any CPU
		Release|Any CPU = Release|Any CPU
	EndGlobalSection
	GlobalSection(ProjectConfigurationPlatforms) = postSolution
		{9DD91599-D9AD-4581-998C-3922A262C3F9}.Debug|Any CPU.ActiveCfg = Debug|Any CPU
		{9DD91599-D9AD-4581-998C-3922A262C3F9}.Debug|Any CPU.Build.0 = Debug|Any CPU
		{9DD91599-D9AD-4581-998C-3922A262C3F9}.Release|Any CPU.ActiveCfg = Release|Any CPU
		{9DD91599-D9AD-4581-998C-3922A262C3F9}.Release|Any CPU.Build.0 = Release|Any CPU
		{1200A872-01E4-48F3-A1ED-7C5365F9DF58}.Debug|Any CPU.ActiveCfg = Debug|Any CPU
		{1200A872-01E4-48F3-A1ED-7C5365F9DF58}.Debug|Any CPU.Build.0 = Debug|Any CPU
		{1200A872-01E4-48F3-A1ED-7C5365F9DF58}.Release|Any CPU.ActiveCfg = Release|Any CPU
		{1200A872-01E4-48F3-A1ED-7C5365F9DF58}.Release|Any CPU.Build.0 = Release|Any CPU
	EndGlobalSection
	GlobalSection(SolutionProperties) = preSolution
		HideSolutionNode = FALSE
	EndGlobalSection
	GlobalSection(ExtensibilityGlobals) = postSolution
		SolutionGuid = {94B5A9A2-5C22-4A30-9C10-D0BF82E0CCB2}
	EndGlobalSection
EndGlobal
